
Microsoft Visual Studio Solution File, Format Version 12.00
# Visual Studio 14
VisualStudioVersion = 14.0.24720.0
MinimumVisualStudioVersion = 10.0.40219.1
Project("{FAE04EC0-301F-11D3-BF4B-00C04F79EFBC}") = "SpreadSheet", "SpreadSheet\SpreadSheet.csproj", "{FE99838C-FFDE-4572-8A6C-718FA7D9403E}"
EndProject
Project("{FAE04EC0-301F-11D3-BF4B-00C04F79EFBC}") = "SpreadSheetEngine", "SpreadSheetEngine\SpreadSheetEngine.csproj", "{66D09FB8-C958-411C-8CDF-3F0BA4BC1441}"
EndProject
Project("{FAE04EC0-301F-11D3-BF4B-00C04F79EFBC}") = "ExpTree", "ExpTree\ExpTree.csproj", "{8F48C4E2-AFC6-4402-A492-6B8B074BF522}"
EndProject
Global
	GlobalSection(SolutionConfigurationPlatforms) = preSolution
		Debug|Any CPU = Debug|Any CPU
		Debug|x64 = Debug|x64
		Debug|x86 = Debug|x86
		Release|Any CPU = Release|Any CPU
		Release|x64 = Release|x64
		Release|x86 = Release|x86
	EndGlobalSection
	GlobalSection(ProjectConfigurationPlatforms) = postSolution
		{FE99838C-FFDE-4572-8A6C-718FA7D9403E}.Debug|Any CPU.ActiveCfg = Debug|Any CPU
		{FE99838C-FFDE-4572-8A6C-718FA7D9403E}.Debug|Any CPU.Build.0 = Debug|Any CPU
		{FE99838C-FFDE-4572-8A6C-718FA7D9403E}.Debug|x64.ActiveCfg = Debug|Any CPU
		{FE99838C-FFDE-4572-8A6C-718FA7D9403E}.Debug|x64.Build.0 = Debug|Any CPU
		{FE99838C-FFDE-4572-8A6C-718FA7D9403E}.Debug|x86.ActiveCfg = Debug|Any CPU
		{FE99838C-FFDE-4572-8A6C-718FA7D9403E}.Debug|x86.Build.0 = Debug|Any CPU
		{FE99838C-FFDE-4572-8A6C-718FA7D9403E}.Release|Any CPU.ActiveCfg = Release|Any CPU
		{FE99838C-FFDE-4572-8A6C-718FA7D9403E}.Release|Any CPU.Build.0 = Release|Any CPU
		{FE99838C-FFDE-4572-8A6C-718FA7D9403E}.Release|x64.ActiveCfg = Release|Any CPU
		{FE99838C-FFDE-4572-8A6C-718FA7D9403E}.Release|x64.Build.0 = Release|Any CPU
		{FE99838C-FFDE-4572-8A6C-718FA7D9403E}.Release|x86.ActiveCfg = Release|Any CPU
		{FE99838C-FFDE-4572-8A6C-718FA7D9403E}.Release|x86.Build.0 = Release|Any CPU
		{66D09FB8-C958-411C-8CDF-3F0BA4BC1441}.Debug|Any CPU.ActiveCfg = Debug|Any CPU
		{66D09FB8-C958-411C-8CDF-3F0BA4BC1441}.Debug|Any CPU.Build.0 = Debug|Any CPU
		{66D09FB8-C958-411C-8CDF-3F0BA4BC1441}.Debug|x64.ActiveCfg = Debug|Any CPU
		{66D09FB8-C958-411C-8CDF-3F0BA4BC1441}.Debug|x64.Build.0 = Debug|Any CPU
		{66D09FB8-C958-411C-8CDF-3F0BA4BC1441}.Debug|x86.ActiveCfg = Debug|Any CPU
		{66D09FB8-C958-411C-8CDF-3F0BA4BC1441}.Debug|x86.Build.0 = Debug|Any CPU
		{66D09FB8-C958-411C-8CDF-3F0BA4BC1441}.Release|Any CPU.ActiveCfg = Release|Any CPU
		{66D09FB8-C958-411C-8CDF-3F0BA4BC1441}.Release|Any CPU.Build.0 = Release|Any CPU
		{66D09FB8-C958-411C-8CDF-3F0BA4BC1441}.Release|x64.ActiveCfg = Release|Any CPU
		{66D09FB8-C958-411C-8CDF-3F0BA4BC1441}.Release|x64.Build.0 = Release|Any CPU
		{66D09FB8-C958-411C-8CDF-3F0BA4BC1441}.Release|x86.ActiveCfg = Release|Any CPU
		{66D09FB8-C958-411C-8CDF-3F0BA4BC1441}.Release|x86.Build.0 = Release|Any CPU
		{8F48C4E2-AFC6-4402-A492-6B8B074BF522}.Debug|Any CPU.ActiveCfg = Debug|Any CPU
		{8F48C4E2-AFC6-4402-A492-6B8B074BF522}.Debug|Any CPU.Build.0 = Debug|Any CPU
		{8F48C4E2-AFC6-4402-A492-6B8B074BF522}.Debug|x64.ActiveCfg = Debug|Any CPU
		{8F48C4E2-AFC6-4402-A492-6B8B074BF522}.Debug|x64.Build.0 = Debug|Any CPU
		{8F48C4E2-AFC6-4402-A492-6B8B074BF522}.Debug|x86.ActiveCfg = Debug|Any CPU
		{8F48C4E2-AFC6-4402-A492-6B8B074BF522}.Debug|x86.Build.0 = Debug|Any CPU
		{8F48C4E2-AFC6-4402-A492-6B8B074BF522}.Release|Any CPU.ActiveCfg = Release|Any CPU
		{8F48C4E2-AFC6-4402-A492-6B8B074BF522}.Release|Any CPU.Build.0 = Release|Any CPU
		{8F48C4E2-AFC6-4402-A492-6B8B074BF522}.Release|x64.ActiveCfg = Release|Any CPU
		{8F48C4E2-AFC6-4402-A492-6B8B074BF522}.Release|x64.Build.0 = Release|Any CPU
		{8F48C4E2-AFC6-4402-A492-6B8B074BF522}.Release|x86.ActiveCfg = Release|Any CPU
		{8F48C4E2-AFC6-4402-A492-6B8B074BF522}.Release|x86.Build.0 = Release|Any CPU
	EndGlobalSection
	GlobalSection(SolutionProperties) = preSolution
		HideSolutionNode = FALSE
	EndGlobalSection
EndGlobal
